
Microsoft Visual Studio Solution File, Format Version 12.00
# Visual Studio 15
VisualStudioVersion = 15.0.26730.12
MinimumVisualStudioVersion = 10.0.40219.1
Project("{FAE04EC0-301F-11D3-BF4B-00C04F79EFBC}") = "EpSqlGen", "src\EpSqlGen\EpSqlGen.csproj", "{38E73A64-66D5-48C3-90C1-B2A837D3F25A}"
EndProject
Project("{2150E333-8FDC-42A3-9474-1A3956D46DE8}") = "src", "src", "{99C9951E-B9EE-486B-BCC3-B9FBE770059F}"
EndProject
Global
	GlobalSection(SolutionConfigurationPlatforms) = preSolution
		Debug|Any CPU = Debug|Any CPU
		Release|Any CPU = Release|Any CPU
	EndGlobalSection
	GlobalSection(ProjectConfigurationPlatforms) = postSolution
		{38E73A64-66D5-48C3-90C1-B2A837D3F25A}.Debug|Any CPU.ActiveCfg = Debug|Any CPU
		{38E73A64-66D5-48C3-90C1-B2A837D3F25A}.Debug|Any CPU.Build.0 = Debug|Any CPU
		{38E73A64-66D5-48C3-90C1-B2A837D3F25A}.Release|Any CPU.ActiveCfg = Release|Any CPU
		{38E73A64-66D5-48C3-90C1-B2A837D3F25A}.Release|Any CPU.Build.0 = Release|Any CPU
	EndGlobalSection
	GlobalSection(SolutionProperties) = preSolution
		HideSolutionNode = FALSE
	EndGlobalSection
	GlobalSection(NestedProjects) = preSolution
		{38E73A64-66D5-48C3-90C1-B2A837D3F25A} = {99C9951E-B9EE-486B-BCC3-B9FBE770059F}
	EndGlobalSection
	GlobalSection(ExtensibilityGlobals) = postSolution
		SolutionGuid = {0BBBA0FC-4A09-4D06-B982-4357147E9575}
	EndGlobalSection
EndGlobal
